
Microsoft Visual Studio Solution File, Format Version 12.00
# Visual Studio 15
Project("{FAE04EC0-301F-11D3-BF4B-00C04F79EFBC}") = "mono", "mono.csproj", "{4E7B25A3-5D1D-4F68-82DC-5D34B7628566}"
EndProject
Global
	GlobalSection(SolutionConfigurationPlatforms) = preSolution
		Debug|x86 = Debug|x86
		Release|x86 = Release|x86
	EndGlobalSection
	GlobalSection(ProjectConfigurationPlatforms) = postSolution
		{4E7B25A3-5D1D-4F68-82DC-5D34B7628566}.Debug|x86.ActiveCfg = Debug|x86
		{4E7B25A3-5D1D-4F68-82DC-5D34B7628566}.Debug|x86.Build.0 = Debug|x86
		{4E7B25A3-5D1D-4F68-82DC-5D34B7628566}.Release|x86.ActiveCfg = Release|x86
		{4E7B25A3-5D1D-4F68-82DC-5D34B7628566}.Release|x86.Build.0 = Release|x86
	EndGlobalSection
EndGlobal
